
Microsoft Visual Studio Solution File, Format Version 12.00
# Visual Studio Version 17
VisualStudioVersion = 17.9.34511.98
MinimumVisualStudioVersion = 10.0.40219.1
Project("{FAE04EC0-301F-11D3-BF4B-00C04F79EFBC}") = "NETConfPD23BlazorHybrid", "NETConfPD23BlazorHybrid.csproj", "{F2A0DC00-1F95-419D-9F47-71115864330F}"
EndProject
Global
	GlobalSection(SolutionConfigurationPlatforms) = preSolution
		Debug|Any CPU = Debug|Any CPU
		Release|Any CPU = Release|Any CPU
	EndGlobalSection
	GlobalSection(ProjectConfigurationPlatforms) = postSolution
		{F2A0DC00-1F95-419D-9F47-71115864330F}.Debug|Any CPU.ActiveCfg = Debug|Any CPU
		{F2A0DC00-1F95-419D-9F47-71115864330F}.Debug|Any CPU.Build.0 = Debug|Any CPU
		{F2A0DC00-1F95-419D-9F47-71115864330F}.Debug|Any CPU.Deploy.0 = Debug|Any CPU
		{F2A0DC00-1F95-419D-9F47-71115864330F}.Release|Any CPU.ActiveCfg = Release|Any CPU
		{F2A0DC00-1F95-419D-9F47-71115864330F}.Release|Any CPU.Build.0 = Release|Any CPU
		{F2A0DC00-1F95-419D-9F47-71115864330F}.Release|Any CPU.Deploy.0 = Release|Any CPU
	EndGlobalSection
	GlobalSection(SolutionProperties) = preSolution
		HideSolutionNode = FALSE
	EndGlobalSection
	GlobalSection(ExtensibilityGlobals) = postSolution
		SolutionGuid = {A0308B1D-D857-4893-A0C3-63DC9F6700CE}
	EndGlobalSection
EndGlobal
